// !$*UTF8*$!
{
	archiveVersion = 1;
	classes = {
	};
	objectVersion = 50;
	objects = {

/* Begin PBXBuildFile section */
		160EF4D0221D594A00DD9640 /* thanksVc.swift in Sources */ = {isa = PBXBuildFile; fileRef = 160EF4CF221D594A00DD9640 /* thanksVc.swift */; };
		16120269221C6E4D00E0A01B /* langVc.swift in Sources */ = {isa = PBXBuildFile; fileRef = 16120268221C6E4D00E0A01B /* langVc.swift */; };
		1612026B221C6F9D00E0A01B /* langClassCell.swift in Sources */ = {isa = PBXBuildFile; fileRef = 1612026A221C6F9D00E0A01B /* langClassCell.swift */; };
		1612026D221C94AE00E0A01B /* yourInfoVc.swift in Sources */ = {isa = PBXBuildFile; fileRef = 1612026C221C94AE00E0A01B /* yourInfoVc.swift */; };
		161B1BCC221A4FC100F54255 /* eduVc.swift in Sources */ = {isa = PBXBuildFile; fileRef = 161B1BCB221A4FC100F54255 /* eduVc.swift */; };
		16240137221A0C51002995E2 /* personlVC.swift in Sources */ = {isa = PBXBuildFile; fileRef = 16240136221A0C51002995E2 /* personlVC.swift */; };
		165301E42218386E004ED792 /* pageModel.swift in Sources */ = {isa = PBXBuildFile; fileRef = 165301E32218386E004ED792 /* pageModel.swift */; };
		165301EC22186CEC004ED792 /* LocalizationSystem.swift in Sources */ = {isa = PBXBuildFile; fileRef = 165301EB22186CEC004ED792 /* LocalizationSystem.swift */; };
		165301EF22186DB6004ED792 /* Localizable.strings in Resources */ = {isa = PBXBuildFile; fileRef = 165301F122186DB6004ED792 /* Localizable.strings */; };
		16556BB22218CE290040566E /* loginVc.swift in Sources */ = {isa = PBXBuildFile; fileRef = 16556BB12218CE290040566E /* loginVc.swift */; };
		16756056221D3740007FC513 /* addCertificatesVc.swift in Sources */ = {isa = PBXBuildFile; fileRef = 16756055221D3740007FC513 /* addCertificatesVc.swift */; };
		16756058221D3AC0007FC513 /* cirtClassCell.swift in Sources */ = {isa = PBXBuildFile; fileRef = 16756057221D3AC0007FC513 /* cirtClassCell.swift */; };
		1675605A221D4759007FC513 /* acceptVC.swift in Sources */ = {isa = PBXBuildFile; fileRef = 16756059221D4759007FC513 /* acceptVC.swift */; };
		16C157DF22182264005B2BA6 /* AppDelegate.swift in Sources */ = {isa = PBXBuildFile; fileRef = 16C157DE22182264005B2BA6 /* AppDelegate.swift */; };
		16C157E122182264005B2BA6 /* ViewController.swift in Sources */ = {isa = PBXBuildFile; fileRef = 16C157E022182264005B2BA6 /* ViewController.swift */; };
		16C157E422182264005B2BA6 /* Main.storyboard in Resources */ = {isa = PBXBuildFile; fileRef = 16C157E222182264005B2BA6 /* Main.storyboard */; };
		16C157E622182266005B2BA6 /* Assets.xcassets in Resources */ = {isa = PBXBuildFile; fileRef = 16C157E522182266005B2BA6 /* Assets.xcassets */; };
		16C157E922182266005B2BA6 /* LaunchScreen.storyboard in Resources */ = {isa = PBXBuildFile; fileRef = 16C157E722182266005B2BA6 /* LaunchScreen.storyboard */; };
		16C157F722182CBC005B2BA6 /* welcomeViewCell.swift in Sources */ = {isa = PBXBuildFile; fileRef = 16C157F622182CBC005B2BA6 /* welcomeViewCell.swift */; };
		16C2002E221BFC8300BA7507 /* eduCellClass.swift in Sources */ = {isa = PBXBuildFile; fileRef = 16C2002D221BFC8300BA7507 /* eduCellClass.swift */; };
		16C20030221C1DC100BA7507 /* AlertController.swift in Sources */ = {isa = PBXBuildFile; fileRef = 16C2002F221C1DC000BA7507 /* AlertController.swift */; };
		16C20032221C3E0900BA7507 /* jobVc.swift in Sources */ = {isa = PBXBuildFile; fileRef = 16C20031221C3E0900BA7507 /* jobVc.swift */; };
		16C20034221C3E5000BA7507 /* jobTabelCell.swift in Sources */ = {isa = PBXBuildFile; fileRef = 16C20033221C3E5000BA7507 /* jobTabelCell.swift */; };
		16C9882F221882B100BEC7CE /* mainVc.swift in Sources */ = {isa = PBXBuildFile; fileRef = 16C9882E221882B100BEC7CE /* mainVc.swift */; };
		16C98837221887CB00BEC7CE /* Cairo-ExtraLight.ttf in Resources */ = {isa = PBXBuildFile; fileRef = 16C98831221887CB00BEC7CE /* Cairo-ExtraLight.ttf */; };
		16C98838221887CB00BEC7CE /* Cairo-SemiBold.ttf in Resources */ = {isa = PBXBuildFile; fileRef = 16C98832221887CB00BEC7CE /* Cairo-SemiBold.ttf */; };
		16C98839221887CB00BEC7CE /* Cairo-Regular.ttf in Resources */ = {isa = PBXBuildFile; fileRef = 16C98833221887CB00BEC7CE /* Cairo-Regular.ttf */; };
		16C9883A221887CB00BEC7CE /* Cairo-Light.ttf in Resources */ = {isa = PBXBuildFile; fileRef = 16C98834221887CB00BEC7CE /* Cairo-Light.ttf */; };
		16C9883B221887CB00BEC7CE /* Cairo-Black.ttf in Resources */ = {isa = PBXBuildFile; fileRef = 16C98835221887CB00BEC7CE /* Cairo-Black.ttf */; };
		16C9883C221887CB00BEC7CE /* Cairo-Bold.ttf in Resources */ = {isa = PBXBuildFile; fileRef = 16C98836221887CB00BEC7CE /* Cairo-Bold.ttf */; };
/* End PBXBuildFile section */

/* Begin PBXFileReference section */
		160EF4CF221D594A00DD9640 /* thanksVc.swift */ = {isa = PBXFileReference; lastKnownFileType = sourcecode.swift; path = thanksVc.swift; sourceTree = "<group>"; };
		16120268221C6E4D00E0A01B /* langVc.swift */ = {isa = PBXFileReference; lastKnownFileType = sourcecode.swift; path = langVc.swift; sourceTree = "<group>"; };
		1612026A221C6F9D00E0A01B /* langClassCell.swift */ = {isa = PBXFileReference; lastKnownFileType = sourcecode.swift; path = langClassCell.swift; sourceTree = "<group>"; };
		1612026C221C94AE00E0A01B /* yourInfoVc.swift */ = {isa = PBXFileReference; lastKnownFileType = sourcecode.swift; path = yourInfoVc.swift; sourceTree = "<group>"; };
		161B1BCB221A4FC100F54255 /* eduVc.swift */ = {isa = PBXFileReference; lastKnownFileType = sourcecode.swift; path = eduVc.swift; sourceTree = "<group>"; };
		16240136221A0C51002995E2 /* personlVC.swift */ = {isa = PBXFileReference; lastKnownFileType = sourcecode.swift; path = personlVC.swift; sourceTree = "<group>"; };
		165301E32218386E004ED792 /* pageModel.swift */ = {isa = PBXFileReference; lastKnownFileType = sourcecode.swift; path = pageModel.swift; sourceTree = "<group>"; };
		165301E9221869F3004ED792 /* ar */ = {isa = PBXFileReference; lastKnownFileType = text.plist.strings; name = ar; path = ar.lproj/Main.strings; sourceTree = "<group>"; };
		165301EA221869F3004ED792 /* ar */ = {isa = PBXFileReference; lastKnownFileType = text.plist.strings; name = ar; path = ar.lproj/LaunchScreen.strings; sourceTree = "<group>"; };
		165301EB22186CEC004ED792 /* LocalizationSystem.swift */ = {isa = PBXFileReference; lastKnownFileType = sourcecode.swift; path = LocalizationSystem.swift; sourceTree = "<group>"; };
		165301F022186DB6004ED792 /* ar */ = {isa = PBXFileReference; lastKnownFileType = text.plist.strings; name = ar; path = ar.lproj/Localizable.strings; sourceTree = "<group>"; };
		165301F222186DB9004ED792 /* en */ = {isa = PBXFileReference; lastKnownFileType = text.plist.strings; name = en; path = en.lproj/Localizable.strings; sourceTree = "<group>"; };
		16556BB12218CE290040566E /* loginVc.swift */ = {isa = PBXFileReference; lastKnownFileType = sourcecode.swift; path = loginVc.swift; sourceTree = "<group>"; };
		16756055221D3740007FC513 /* addCertificatesVc.swift */ = {isa = PBXFileReference; lastKnownFileType = sourcecode.swift; path = addCertificatesVc.swift; sourceTree = "<group>"; };
		16756057221D3AC0007FC513 /* cirtClassCell.swift */ = {isa = PBXFileReference; lastKnownFileType = sourcecode.swift; path = cirtClassCell.swift; sourceTree = "<group>"; };
		16756059221D4759007FC513 /* acceptVC.swift */ = {isa = PBXFileReference; lastKnownFileType = sourcecode.swift; path = acceptVC.swift; sourceTree = "<group>"; };
		16C157DB22182264005B2BA6 /* pureVisionTask.app */ = {isa = PBXFileReference; explicitFileType = wrapper.application; includeInIndex = 0; path = pureVisionTask.app; sourceTree = BUILT_PRODUCTS_DIR; };
		16C157DE22182264005B2BA6 /* AppDelegate.swift */ = {isa = PBXFileReference; lastKnownFileType = sourcecode.swift; path = AppDelegate.swift; sourceTree = "<group>"; };
		16C157E022182264005B2BA6 /* ViewController.swift */ = {isa = PBXFileReference; lastKnownFileType = sourcecode.swift; path = ViewController.swift; sourceTree = "<group>"; };
		16C157E322182264005B2BA6 /* Base */ = {isa = PBXFileReference; lastKnownFileType = file.storyboard; name = Base; path = Base.lproj/Main.storyboard; sourceTree = "<group>"; };
		16C157E522182266005B2BA6 /* Assets.xcassets */ = {isa = PBXFileReference; lastKnownFileType = folder.assetcatalog; path = Assets.xcassets; sourceTree = "<group>"; };
		16C157E822182266005B2BA6 /* Base */ = {isa = PBXFileReference; lastKnownFileType = file.storyboard; name = Base; path = Base.lproj/LaunchScreen.storyboard; sourceTree = "<group>"; };
		16C157EA22182266005B2BA6 /* Info.plist */ = {isa = PBXFileReference; lastKnownFileType = text.plist.xml; path = Info.plist; sourceTree = "<group>"; };
		16C157F622182CBC005B2BA6 /* welcomeViewCell.swift */ = {isa = PBXFileReference; lastKnownFileType = sourcecode.swift; path = welcomeViewCell.swift; sourceTree = "<group>"; };
		16C2002D221BFC8300BA7507 /* eduCellClass.swift */ = {isa = PBXFileReference; lastKnownFileType = sourcecode.swift; path = eduCellClass.swift; sourceTree = "<group>"; };
		16C2002F221C1DC000BA7507 /* AlertController.swift */ = {isa = PBXFileReference; lastKnownFileType = sourcecode.swift; path = AlertController.swift; sourceTree = "<group>"; };
		16C20031221C3E0900BA7507 /* jobVc.swift */ = {isa = PBXFileReference; lastKnownFileType = sourcecode.swift; path = jobVc.swift; sourceTree = "<group>"; };
		16C20033221C3E5000BA7507 /* jobTabelCell.swift */ = {isa = PBXFileReference; lastKnownFileType = sourcecode.swift; path = jobTabelCell.swift; sourceTree = "<group>"; };
		16C9882E221882B100BEC7CE /* mainVc.swift */ = {isa = PBXFileReference; lastKnownFileType = sourcecode.swift; path = mainVc.swift; sourceTree = "<group>"; };
		16C98831221887CB00BEC7CE /* Cairo-ExtraLight.ttf */ = {isa = PBXFileReference; lastKnownFileType = file; path = "Cairo-ExtraLight.ttf"; sourceTree = "<group>"; };
		16C98832221887CB00BEC7CE /* Cairo-SemiBold.ttf */ = {isa = PBXFileReference; lastKnownFileType = file; path = "Cairo-SemiBold.ttf"; sourceTree = "<group>"; };
		16C98833221887CB00BEC7CE /* Cairo-Regular.ttf */ = {isa = PBXFileReference; lastKnownFileType = file; path = "Cairo-Regular.ttf"; sourceTree = "<group>"; };
		16C98834221887CB00BEC7CE /* Cairo-Light.ttf */ = {isa = PBXFileReference; lastKnownFileType = file; path = "Cairo-Light.ttf"; sourceTree = "<group>"; };
		16C98835221887CB00BEC7CE /* Cairo-Black.ttf */ = {isa = PBXFileReference; lastKnownFileType = file; path = "Cairo-Black.ttf"; sourceTree = "<group>"; };
		16C98836221887CB00BEC7CE /* Cairo-Bold.ttf */ = {isa = PBXFileReference; lastKnownFileType = file; path = "Cairo-Bold.ttf"; sourceTree = "<group>"; };
/* End PBXFileReference section */

/* Begin PBXFrameworksBuildPhase section */
		16C157D822182263005B2BA6 /* Frameworks */ = {
			isa = PBXFrameworksBuildPhase;
			buildActionMask = 2147483647;
			files = (
			);
			runOnlyForDeploymentPostprocessing = 0;
		};
/* End PBXFrameworksBuildPhase section */

/* Begin PBXGroup section */
		16C157D222182263005B2BA6 = {
			isa = PBXGroup;
			children = (
				16C157DD22182264005B2BA6 /* pureVisionTask */,
				16C157DC22182264005B2BA6 /* Products */,
			);
			sourceTree = "<group>";
		};
		16C157DC22182264005B2BA6 /* Products */ = {
			isa = PBXGroup;
			children = (
				16C157DB22182264005B2BA6 /* pureVisionTask.app */,
			);
			name = Products;
			sourceTree = "<group>";
		};
		16C157DD22182264005B2BA6 /* pureVisionTask */ = {
			isa = PBXGroup;
			children = (
				16C98830221887CB00BEC7CE /* Cairo */,
				16C20031221C3E0900BA7507 /* jobVc.swift */,
				1612026A221C6F9D00E0A01B /* langClassCell.swift */,
				16C2002D221BFC8300BA7507 /* eduCellClass.swift */,
				161B1BCB221A4FC100F54255 /* eduVc.swift */,
				16240136221A0C51002995E2 /* personlVC.swift */,
				16C2002F221C1DC000BA7507 /* AlertController.swift */,
				16C157DE22182264005B2BA6 /* AppDelegate.swift */,
				16C157F622182CBC005B2BA6 /* welcomeViewCell.swift */,
				16C157E022182264005B2BA6 /* ViewController.swift */,
				16C9882E221882B100BEC7CE /* mainVc.swift */,
				16556BB12218CE290040566E /* loginVc.swift */,
				16C20033221C3E5000BA7507 /* jobTabelCell.swift */,
				165301F122186DB6004ED792 /* Localizable.strings */,
				16C157E222182264005B2BA6 /* Main.storyboard */,
				16120268221C6E4D00E0A01B /* langVc.swift */,
				16756057221D3AC0007FC513 /* cirtClassCell.swift */,
				16756055221D3740007FC513 /* addCertificatesVc.swift */,
				16756059221D4759007FC513 /* acceptVC.swift */,
				1612026C221C94AE00E0A01B /* yourInfoVc.swift */,
				16C157E522182266005B2BA6 /* Assets.xcassets */,
				16C157E722182266005B2BA6 /* LaunchScreen.storyboard */,
				16C157EA22182266005B2BA6 /* Info.plist */,
				165301E32218386E004ED792 /* pageModel.swift */,
				165301EB22186CEC004ED792 /* LocalizationSystem.swift */,
				160EF4CF221D594A00DD9640 /* thanksVc.swift */,
			);
			path = pureVisionTask;
			sourceTree = "<group>";
		};
		16C98830221887CB00BEC7CE /* Cairo */ = {
			isa = PBXGroup;
			children = (
				16C98831221887CB00BEC7CE /* Cairo-ExtraLight.ttf */,
				16C98832221887CB00BEC7CE /* Cairo-SemiBold.ttf */,
				16C98833221887CB00BEC7CE /* Cairo-Regular.ttf */,
				16C98834221887CB00BEC7CE /* Cairo-Light.ttf */,
				16C98835221887CB00BEC7CE /* Cairo-Black.ttf */,
				16C98836221887CB00BEC7CE /* Cairo-Bold.ttf */,
			);
			name = Cairo;
			path = ../../../Downloads/Cairo;
			sourceTree = "<group>";
		};
/* End PBXGroup section */

/* Begin PBXNativeTarget section */
		16C157DA22182263005B2BA6 /* pureVisionTask */ = {
			isa = PBXNativeTarget;
			buildConfigurationList = 16C157ED22182266005B2BA6 /* Build configuration list for PBXNativeTarget "pureVisionTask" */;
			buildPhases = (
				16C157D722182263005B2BA6 /* Sources */,
				16C157D822182263005B2BA6 /* Frameworks */,
				16C157D922182263005B2BA6 /* Resources */,
			);
			buildRules = (
			);
			dependencies = (
			);
			name = pureVisionTask;
			productName = pureVisionTask;
			productReference = 16C157DB22182264005B2BA6 /* pureVisionTask.app */;
			productType = "com.apple.product-type.application";
		};
/* End PBXNativeTarget section */

/* Begin PBXProject section */
		16C157D322182263005B2BA6 /* Project object */ = {
			isa = PBXProject;
			attributes = {
				LastSwiftUpdateCheck = 1010;
				LastUpgradeCheck = 1010;
				ORGANIZATIONNAME = "Mostafa Diaa";
				TargetAttributes = {
					16C157DA22182263005B2BA6 = {
						CreatedOnToolsVersion = 10.1;
					};
				};
			};
			buildConfigurationList = 16C157D622182263005B2BA6 /* Build configuration list for PBXProject "pureVisionTask" */;
			compatibilityVersion = "Xcode 9.3";
			developmentRegion = en;
			hasScannedForEncodings = 0;
			knownRegions = (
				en,
				Base,
			);
			mainGroup = 16C157D222182263005B2BA6;
			productRefGroup = 16C157DC22182264005B2BA6 /* Products */;
			projectDirPath = "";
			projectRoot = "";
			targets = (
				16C157DA22182263005B2BA6 /* pureVisionTask */,
			);
		};
/* End PBXProject section */

/* Begin PBXResourcesBuildPhase section */
		16C157D922182263005B2BA6 /* Resources */ = {
			isa = PBXResourcesBuildPhase;
			buildActionMask = 2147483647;
			files = (
				165301EF22186DB6004ED792 /* Localizable.strings in Resources */,
				16C98837221887CB00BEC7CE /* Cairo-ExtraLight.ttf in Resources */,
				16C98839221887CB00BEC7CE /* Cairo-Regular.ttf in Resources */,
				16C9883C221887CB00BEC7CE /* Cairo-Bold.ttf in Resources */,
				16C157E922182266005B2BA6 /* LaunchScreen.storyboard in Resources */,
				16C157E622182266005B2BA6 /* Assets.xcassets in Resources */,
				16C157E422182264005B2BA6 /* Main.storyboard in Resources */,
				16C9883B221887CB00BEC7CE /* Cairo-Black.ttf in Resources */,
				16C9883A221887CB00BEC7CE /* Cairo-Light.ttf in Resources */,
				16C98838221887CB00BEC7CE /* Cairo-SemiBold.ttf in Resources */,
			);
			runOnlyForDeploymentPostprocessing = 0;
		};
/* End PBXResourcesBuildPhase section */

/* Begin PBXSourcesBuildPhase section */
		16C157D722182263005B2BA6 /* Sources */ = {
			isa = PBXSourcesBuildPhase;
			buildActionMask = 2147483647;
			files = (
				165301E42218386E004ED792 /* pageModel.swift in Sources */,
				165301EC22186CEC004ED792 /* LocalizationSystem.swift in Sources */,
				16C157E122182264005B2BA6 /* ViewController.swift in Sources */,
				161B1BCC221A4FC100F54255 /* eduVc.swift in Sources */,
				16C20034221C3E5000BA7507 /* jobTabelCell.swift in Sources */,
				16556BB22218CE290040566E /* loginVc.swift in Sources */,
				16120269221C6E4D00E0A01B /* langVc.swift in Sources */,
				160EF4D0221D594A00DD9640 /* thanksVc.swift in Sources */,
				1612026B221C6F9D00E0A01B /* langClassCell.swift in Sources */,
				16756058221D3AC0007FC513 /* cirtClassCell.swift in Sources */,
				16C157F722182CBC005B2BA6 /* welcomeViewCell.swift in Sources */,
				16C157DF22182264005B2BA6 /* AppDelegate.swift in Sources */,
				16240137221A0C51002995E2 /* personlVC.swift in Sources */,
				16C20030221C1DC100BA7507 /* AlertController.swift in Sources */,
				16C9882F221882B100BEC7CE /* mainVc.swift in Sources */,
				16C20032221C3E0900BA7507 /* jobVc.swift in Sources */,
				1675605A221D4759007FC513 /* acceptVC.swift in Sources */,
				16756056221D3740007FC513 /* addCertificatesVc.swift in Sources */,
				16C2002E221BFC8300BA7507 /* eduCellClass.swift in Sources */,
				1612026D221C94AE00E0A01B /* yourInfoVc.swift in Sources */,
			);
			runOnlyForDeploymentPostprocessing = 0;
		};
/* End PBXSourcesBuildPhase section */

/* Begin PBXVariantGroup section */
		165301F122186DB6004ED792 /* Localizable.strings */ = {
			isa = PBXVariantGroup;
			children = (
				165301F022186DB6004ED792 /* ar */,
				165301F222186DB9004ED792 /* en */,
			);
			name = Localizable.strings;
			sourceTree = "<group>";
		};
		16C157E222182264005B2BA6 /* Main.storyboard */ = {
			isa = PBXVariantGroup;
			children = (
				16C157E322182264005B2BA6 /* Base */,
				165301E9221869F3004ED792 /* ar */,
			);
			name = Main.storyboard;
			sourceTree = "<group>";
		};
		16C157E722182266005B2BA6 /* LaunchScreen.storyboard */ = {
			isa = PBXVariantGroup;
			children = (
				16C157E822182266005B2BA6 /* Base */,
				165301EA221869F3004ED792 /* ar */,
			);
			name = LaunchScreen.storyboard;
			sourceTree = "<group>";
		};
/* End PBXVariantGroup section */

/* Begin XCBuildConfiguration section */
		16C157EB22182266005B2BA6 /* Debug */ = {
			isa = XCBuildConfiguration;
			buildSettings = {
				ALWAYS_SEARCH_USER_PATHS = NO;
				CLANG_ANALYZER_LOCALIZABILITY_NONLOCALIZED = YES;
				CLANG_ANALYZER_NONNULL = YES;
				CLANG_ANALYZER_NUMBER_OBJECT_CONVERSION = YES_AGGRESSIVE;
				CLANG_CXX_LANGUAGE_STANDARD = "gnu++14";
				CLANG_CXX_LIBRARY = "libc++";
				CLANG_ENABLE_MODULES = YES;
				CLANG_ENABLE_OBJC_ARC = YES;
				CLANG_ENABLE_OBJC_WEAK = YES;
				CLANG_WARN_BLOCK_CAPTURE_AUTORELEASING = YES;
				CLANG_WARN_BOOL_CONVERSION = YES;
				CLANG_WARN_COMMA = YES;
				CLANG_WARN_CONSTANT_CONVERSION = YES;
				CLANG_WARN_DEPRECATED_OBJC_IMPLEMENTATIONS = YES;
				CLANG_WARN_DIRECT_OBJC_ISA_USAGE = YES_ERROR;
				CLANG_WARN_DOCUMENTATION_COMMENTS = YES;
				CLANG_WARN_EMPTY_BODY = YES;
				CLANG_WARN_ENUM_CONVERSION = YES;
				CLANG_WARN_INFINITE_RECURSION = YES;
				CLANG_WARN_INT_CONVERSION = YES;
				CLANG_WARN_NON_LITERAL_NULL_CONVERSION = YES;
				CLANG_WARN_OBJC_IMPLICIT_RETAIN_SELF = YES;
				CLANG_WARN_OBJC_LITERAL_CONVERSION = YES;
				CLANG_WARN_OBJC_ROOT_CLASS = YES_ERROR;
				CLANG_WARN_RANGE_LOOP_ANALYSIS = YES;
				CLANG_WARN_STRICT_PROTOTYPES = YES;
				CLANG_WARN_SUSPICIOUS_MOVE = YES;
				CLANG_WARN_UNGUARDED_AVAILABILITY = YES_AGGRESSIVE;
				CLANG_WARN_UNREACHABLE_CODE = YES;
				CLANG_WARN__DUPLICATE_METHOD_MATCH = YES;
				CODE_SIGN_IDENTITY = "iPhone Developer";
				COPY_PHASE_STRIP = NO;
				DEBUG_INFORMATION_FORMAT = dwarf;
				ENABLE_STRICT_OBJC_MSGSEND = YES;
				ENABLE_TESTABILITY = YES;
				GCC_C_LANGUAGE_STANDARD = gnu11;
				GCC_DYNAMIC_NO_PIC = NO;
				GCC_NO_COMMON_BLOCKS = YES;
				GCC_OPTIMIZATION_LEVEL = 0;
				GCC_PREPROCESSOR_DEFINITIONS = (
					"DEBUG=1",
					"$(inherited)",
				);
				GCC_WARN_64_TO_32_BIT_CONVERSION = YES;
				GCC_WARN_ABOUT_RETURN_TYPE = YES_ERROR;
				GCC_WARN_UNDECLARED_SELECTOR = YES;
				GCC_WARN_UNINITIALIZED_AUTOS = YES_AGGRESSIVE;
				GCC_WARN_UNUSED_FUNCTION = YES;
				GCC_WARN_UNUSED_VARIABLE = YES;
				IPHONEOS_DEPLOYMENT_TARGET = 12.1;
				MTL_ENABLE_DEBUG_INFO = INCLUDE_SOURCE;
				MTL_FAST_MATH = YES;
				ONLY_ACTIVE_ARCH = YES;
				SDKROOT = iphoneos;
				SWIFT_ACTIVE_COMPILATION_CONDITIONS = DEBUG;
				SWIFT_OPTIMIZATION_LEVEL = "-Onone";
			};
			name = Debug;
		};
		16C157EC22182266005B2BA6 /* Release */ = {
			isa = XCBuildConfiguration;
			buildSettings = {
				ALWAYS_SEARCH_USER_PATHS = NO;
				CLANG_ANALYZER_LOCALIZABILITY_NONLOCALIZED = YES;
				CLANG_ANALYZER_NONNULL = YES;
				CLANG_ANALYZER_NUMBER_OBJECT_CONVERSION = YES_AGGRESSIVE;
				CLANG_CXX_LANGUAGE_STANDARD = "gnu++14";
				CLANG_CXX_LIBRARY = "libc++";
				CLANG_ENABLE_MODULES = YES;
				CLANG_ENABLE_OBJC_ARC = YES;
				CLANG_ENABLE_OBJC_WEAK = YES;
				CLANG_WARN_BLOCK_CAPTURE_AUTORELEASING = YES;
				CLANG_WARN_BOOL_CONVERSION = YES;
				CLANG_WARN_COMMA = YES;
				CLANG_WARN_CONSTANT_CONVERSION = YES;
				CLANG_WARN_DEPRECATED_OBJC_IMPLEMENTATIONS = YES;
				CLANG_WARN_DIRECT_OBJC_ISA_USAGE = YES_ERROR;
				CLANG_WARN_DOCUMENTATION_COMMENTS = YES;
				CLANG_WARN_EMPTY_BODY = YES;
				CLANG_WARN_ENUM_CONVERSION = YES;
				CLANG_WARN_INFINITE_RECURSION = YES;
				CLANG_WARN_INT_CONVERSION = YES;
				CLANG_WARN_NON_LITERAL_NULL_CONVERSION = YES;
				CLANG_WARN_OBJC_IMPLICIT_RETAIN_SELF = YES;
				CLANG_WARN_OBJC_LITERAL_CONVERSION = YES;
				CLANG_WARN_OBJC_ROOT_CLASS = YES_ERROR;
				CLANG_WARN_RANGE_LOOP_ANALYSIS = YES;
				CLANG_WARN_STRICT_PROTOTYPES = YES;
				CLANG_WARN_SUSPICIOUS_MOVE = YES;
				CLANG_WARN_UNGUARDED_AVAILABILITY = YES_AGGRESSIVE;
				CLANG_WARN_UNREACHABLE_CODE = YES;
				CLANG_WARN__DUPLICATE_METHOD_MATCH = YES;
				CODE_SIGN_IDENTITY = "iPhone Developer";
				COPY_PHASE_STRIP = NO;
				DEBUG_INFORMATION_FORMAT = "dwarf-with-dsym";
				ENABLE_NS_ASSERTIONS = NO;
				ENABLE_STRICT_OBJC_MSGSEND = YES;
				GCC_C_LANGUAGE_STANDARD = gnu11;
				GCC_NO_COMMON_BLOCKS = YES;
				GCC_WARN_64_TO_32_BIT_CONVERSION = YES;
				GCC_WARN_ABOUT_RETURN_TYPE = YES_ERROR;
				GCC_WARN_UNDECLARED_SELECTOR = YES;
				GCC_WARN_UNINITIALIZED_AUTOS = YES_AGGRESSIVE;
				GCC_WARN_UNUSED_FUNCTION = YES;
				GCC_WARN_UNUSED_VARIABLE = YES;
				IPHONEOS_DEPLOYMENT_TARGET = 12.1;
				MTL_ENABLE_DEBUG_INFO = NO;
				MTL_FAST_MATH = YES;
				SDKROOT = iphoneos;
				SWIFT_COMPILATION_MODE = wholemodule;
				SWIFT_OPTIMIZATION_LEVEL = "-O";
				VALIDATE_PRODUCT = YES;
			};
			name = Release;
		};
		16C157EE22182266005B2BA6 /* Debug */ = {
			isa = XCBuildConfiguration;
			buildSettings = {
				ASSETCATALOG_COMPILER_APPICON_NAME = AppIcon;
				CODE_SIGN_STYLE = Automatic;
				DEVELOPMENT_TEAM = E3VVAY6TYA;
				INFOPLIST_FILE = pureVisionTask/Info.plist;
				LD_RUNPATH_SEARCH_PATHS = (
					"$(inherited)",
					"@executable_path/Frameworks",
				);
				PRODUCT_BUNDLE_IDENTIFIER = Diaa.sad8.pureVisionTask;
				PRODUCT_NAME = "$(TARGET_NAME)";
				SWIFT_VERSION = 4.2;
				TARGETED_DEVICE_FAMILY = 1;
			};
			name = Debug;
		};
		16C157EF22182266005B2BA6 /* Release */ = {
			isa = XCBuildConfiguration;
			buildSettings = {
				ASSETCATALOG_COMPILER_APPICON_NAME = AppIcon;
				CODE_SIGN_STYLE = Automatic;
				DEVELOPMENT_TEAM = E3VVAY6TYA;
				INFOPLIST_FILE = pureVisionTask/Info.plist;
				LD_RUNPATH_SEARCH_PATHS = (
					"$(inherited)",
					"@executable_path/Frameworks",
				);
				PRODUCT_BUNDLE_IDENTIFIER = Diaa.sad8.pureVisionTask;
				PRODUCT_NAME = "$(TARGET_NAME)";
				SWIFT_VERSION = 4.2;
				TARGETED_DEVICE_FAMILY = 1;
			};
			name = Release;
		};
/* End XCBuildConfiguration section */

/* Begin XCConfigurationList section */
		16C157D622182263005B2BA6 /* Build configuration list for PBXProject "pureVisionTask" */ = {
			isa = XCConfigurationList;
			buildConfigurations = (
				16C157EB22182266005B2BA6 /* Debug */,
				16C157EC22182266005B2BA6 /* Release */,
			);
			defaultConfigurationIsVisible = 0;
			defaultConfigurationName = Release;
		};
		16C157ED22182266005B2BA6 /* Build configuration list for PBXNativeTarget "pureVisionTask" */ = {
			isa = XCConfigurationList;
			buildConfigurations = (
				16C157EE22182266005B2BA6 /* Debug */,
				16C157EF22182266005B2BA6 /* Release */,
			);
			defaultConfigurationIsVisible = 0;
			defaultConfigurationName = Release;
		};
/* End XCConfigurationList section */
	};
	rootObject = 16C157D322182263005B2BA6 /* Project object */;
}
